
Microsoft Visual Studio Solution File, Format Version 12.00
# Visual Studio Version 17
VisualStudioVersion = 17.10.35027.167
MinimumVisualStudioVersion = 10.0.40219.1
Project("{8BC9CEB8-8B4A-11D0-8D11-00A0C91BC942}") = "BomberSlimeBattle", "BomberSlimeBattle.vcxproj", "{E37DE56C-268B-47FE-839E-7BA11A546154}"
EndProject
Global
	GlobalSection(SolutionConfigurationPlatforms) = preSolution
		Debug|x64 = Debug|x64
		Debug|x86 = Debug|x86
		Release|x64 = Release|x64
		Release|x86 = Release|x86
	EndGlobalSection
	GlobalSection(ProjectConfigurationPlatforms) = postSolution
		{E37DE56C-268B-47FE-839E-7BA11A546154}.Debug|x64.ActiveCfg = Debug|x64
		{E37DE56C-268B-47FE-839E-7BA11A546154}.Debug|x64.Build.0 = Debug|x64
		{E37DE56C-268B-47FE-839E-7BA11A546154}.Debug|x86.ActiveCfg = Debug|Win32
		{E37DE56C-268B-47FE-839E-7BA11A546154}.Debug|x86.Build.0 = Debug|Win32
		{E37DE56C-268B-47FE-839E-7BA11A546154}.Release|x64.ActiveCfg = Release|x64
		{E37DE56C-268B-47FE-839E-7BA11A546154}.Release|x64.Build.0 = Release|x64
		{E37DE56C-268B-47FE-839E-7BA11A546154}.Release|x86.ActiveCfg = Release|Win32
		{E37DE56C-268B-47FE-839E-7BA11A546154}.Release|x86.Build.0 = Release|Win32
	EndGlobalSection
	GlobalSection(SolutionProperties) = preSolution
		HideSolutionNode = FALSE
	EndGlobalSection
	GlobalSection(ExtensibilityGlobals) = postSolution
		SolutionGuid = {3DF9FA51-6BA0-49C8-A28F-907E3A28A6EF}
	EndGlobalSection
EndGlobal
